{
  "version": 4,
  "terraform_version": "1.5.7",
  "serial": 11,
  "lineage": "a84803a5-d983-0412-c32d-259745dfbd89",
  "outputs": {},
  "resources": [
    {
      "module": "module.module_dev",
      "mode": "managed",
      "type": "azurerm_network_interface",
      "name": "example",
      "provider": "module.module_dev.provider[\"registry.terraform.io/hashicorp/azurerm\"]",
      "instances": [
        {
          "schema_version": 0,
          "attributes": {
            "applied_dns_servers": [],
            "dns_servers": [],
            "edge_zone": "",
            "enable_accelerated_networking": false,
            "enable_ip_forwarding": false,
            "id": "/subscriptions/4ec5f1f7-a399-43dd-a4cc-2f51e3a7a86b/resourceGroups/DevRG/providers/Microsoft.Network/networkInterfaces/dev-nic",
            "internal_dns_name_label": "",
            "internal_domain_name_suffix": "0p1eba1ci2behgjn1g2kplzj3e.bx.internal.cloudapp.net",
            "ip_configuration": [
              {
                "gateway_load_balancer_frontend_ip_configuration_id": "",
                "name": "internal",
                "primary": true,
                "private_ip_address": "10.20.1.4",
                "private_ip_address_allocation": "Dynamic",
                "private_ip_address_version": "IPv4",
                "public_ip_address_id": "/subscriptions/4ec5f1f7-a399-43dd-a4cc-2f51e3a7a86b/resourceGroups/DevRG/providers/Microsoft.Network/publicIPAddresses/dev-pip",
                "subnet_id": "/subscriptions/4ec5f1f7-a399-43dd-a4cc-2f51e3a7a86b/resourceGroups/DevRG/providers/Microsoft.Network/virtualNetworks/dev-10/subnets/DevSubnet"
              }
            ],
            "location": "eastus",
            "mac_address": "60-45-BD-EF-A2-76",
            "name": "dev-nic",
            "private_ip_address": "10.20.1.4",
            "private_ip_addresses": [
              "10.20.1.4"
            ],
            "resource_group_name": "DevRG",
            "tags": {},
            "timeouts": null,
            "virtual_machine_id": "/subscriptions/4ec5f1f7-a399-43dd-a4cc-2f51e3a7a86b/resourceGroups/DevRG/providers/Microsoft.Compute/virtualMachines/dev-vm"
          },
          "sensitive_attributes": [],
          "private": "eyJlMmJmYjczMC1lY2FhLTExZTYtOGY4OC0zNDM2M2JjN2M0YzAiOnsiY3JlYXRlIjoxODAwMDAwMDAwMDAwLCJkZWxldGUiOjE4MDAwMDAwMDAwMDAsInJlYWQiOjMwMDAwMDAwMDAwMCwidXBkYXRlIjoxODAwMDAwMDAwMDAwfX0=",
          "dependencies": [
            "module.module_dev.azurerm_network_security_group.example",
            "module.module_dev.azurerm_public_ip.example",
            "module.module_dev.azurerm_resource_group.example",
            "module.module_dev.azurerm_subnet.example",
            "module.module_dev.azurerm_virtual_network.example"
          ]
        }
      ]
    },
    {
      "module": "module.module_dev",
      "mode": "managed",
      "type": "azurerm_network_security_group",
      "name": "example",
      "provider": "module.module_dev.provider[\"registry.terraform.io/hashicorp/azurerm\"]",
      "instances": [
        {
          "schema_version": 0,
          "attributes": {
            "id": "/subscriptions/4ec5f1f7-a399-43dd-a4cc-2f51e3a7a86b/resourceGroups/DevRG/providers/Microsoft.Network/networkSecurityGroups/dev-nsg",
            "location": "eastus",
            "name": "dev-nsg",
            "resource_group_name": "DevRG",
            "security_rule": [
              {
                "access": "Allow",
                "description": "",
                "destination_address_prefix": "*",
                "destination_address_prefixes": [],
                "destination_application_security_group_ids": [],
                "destination_port_range": "3389",
                "destination_port_ranges": [],
                "direction": "Inbound",
                "name": "RDP",
                "priority": 100,
                "protocol": "Tcp",
                "source_address_prefix": "*",
                "source_address_prefixes": [],
                "source_application_security_group_ids": [],
                "source_port_range": "*",
                "source_port_ranges": []
              }
            ],
            "tags": {},
            "timeouts": null
          },
          "sensitive_attributes": [],
          "private": "eyJlMmJmYjczMC1lY2FhLTExZTYtOGY4OC0zNDM2M2JjN2M0YzAiOnsiY3JlYXRlIjoxODAwMDAwMDAwMDAwLCJkZWxldGUiOjE4MDAwMDAwMDAwMDAsInJlYWQiOjMwMDAwMDAwMDAwMCwidXBkYXRlIjoxODAwMDAwMDAwMDAwfX0=",
          "dependencies": [
            "module.module_dev.azurerm_resource_group.example"
          ]
        }
      ]
    },
    {
      "module": "module.module_dev",
      "mode": "managed",
      "type": "azurerm_public_ip",
      "name": "example",
      "provider": "module.module_dev.provider[\"registry.terraform.io/hashicorp/azurerm\"]",
      "instances": [
        {
          "schema_version": 0,
          "attributes": {
            "allocation_method": "Dynamic",
            "domain_name_label": null,
            "edge_zone": "",
            "fqdn": null,
            "id": "/subscriptions/4ec5f1f7-a399-43dd-a4cc-2f51e3a7a86b/resourceGroups/DevRG/providers/Microsoft.Network/publicIPAddresses/dev-pip",
            "idle_timeout_in_minutes": 4,
            "ip_address": "172.190.168.253",
            "ip_tags": {},
            "ip_version": "IPv4",
            "location": "eastus",
            "name": "dev-pip",
            "public_ip_prefix_id": null,
            "resource_group_name": "DevRG",
            "reverse_fqdn": null,
            "sku": "Basic",
            "sku_tier": "Regional",
            "tags": {},
            "timeouts": null,
            "zones": []
          },
          "sensitive_attributes": [],
          "private": "eyJlMmJmYjczMC1lY2FhLTExZTYtOGY4OC0zNDM2M2JjN2M0YzAiOnsiY3JlYXRlIjoxODAwMDAwMDAwMDAwLCJkZWxldGUiOjE4MDAwMDAwMDAwMDAsInJlYWQiOjMwMDAwMDAwMDAwMCwidXBkYXRlIjoxODAwMDAwMDAwMDAwfX0=",
          "dependencies": [
            "module.module_dev.azurerm_resource_group.example"
          ]
        }
      ]
    },
    {
      "module": "module.module_dev",
      "mode": "managed",
      "type": "azurerm_resource_group",
      "name": "example",
      "provider": "module.module_dev.provider[\"registry.terraform.io/hashicorp/azurerm\"]",
      "instances": [
        {
          "schema_version": 0,
          "attributes": {
            "id": "/subscriptions/4ec5f1f7-a399-43dd-a4cc-2f51e3a7a86b/resourceGroups/DevRG",
            "location": "eastus",
            "name": "DevRG",
            "tags": {},
            "timeouts": null
          },
          "sensitive_attributes": [],
          "private": "eyJlMmJmYjczMC1lY2FhLTExZTYtOGY4OC0zNDM2M2JjN2M0YzAiOnsiY3JlYXRlIjo1NDAwMDAwMDAwMDAwLCJkZWxldGUiOjU0MDAwMDAwMDAwMDAsInJlYWQiOjMwMDAwMDAwMDAwMCwidXBkYXRlIjo1NDAwMDAwMDAwMDAwfX0="
        }
      ]
    },
    {
      "module": "module.module_dev",
      "mode": "managed",
      "type": "azurerm_subnet",
      "name": "example",
      "provider": "module.module_dev.provider[\"registry.terraform.io/hashicorp/azurerm\"]",
      "instances": [
        {
          "schema_version": 0,
          "attributes": {
            "address_prefixes": [
              "10.20.1.0/24"
            ],
            "delegation": [],
            "enforce_private_link_endpoint_network_policies": false,
            "enforce_private_link_service_network_policies": false,
            "id": "/subscriptions/4ec5f1f7-a399-43dd-a4cc-2f51e3a7a86b/resourceGroups/DevRG/providers/Microsoft.Network/virtualNetworks/dev-10/subnets/DevSubnet",
            "name": "DevSubnet",
            "resource_group_name": "DevRG",
            "service_endpoint_policy_ids": [],
            "service_endpoints": [],
            "timeouts": null,
            "virtual_network_name": "dev-10"
          },
          "sensitive_attributes": [],
          "private": "eyJlMmJmYjczMC1lY2FhLTExZTYtOGY4OC0zNDM2M2JjN2M0YzAiOnsiY3JlYXRlIjoxODAwMDAwMDAwMDAwLCJkZWxldGUiOjE4MDAwMDAwMDAwMDAsInJlYWQiOjMwMDAwMDAwMDAwMCwidXBkYXRlIjoxODAwMDAwMDAwMDAwfX0=",
          "dependencies": [
            "module.module_dev.azurerm_resource_group.example",
            "module.module_dev.azurerm_virtual_network.example"
          ]
        }
      ]
    },
    {
      "module": "module.module_dev",
      "mode": "managed",
      "type": "azurerm_virtual_network",
      "name": "example",
      "provider": "module.module_dev.provider[\"registry.terraform.io/hashicorp/azurerm\"]",
      "instances": [
        {
          "schema_version": 0,
          "attributes": {
            "address_space": [
              "10.20.0.0/16"
            ],
            "bgp_community": "",
            "ddos_protection_plan": [],
            "dns_servers": [],
            "edge_zone": "",
            "flow_timeout_in_minutes": 0,
            "guid": "8340f6d3-4762-4302-992d-d9b8a7af29ec",
            "id": "/subscriptions/4ec5f1f7-a399-43dd-a4cc-2f51e3a7a86b/resourceGroups/DevRG/providers/Microsoft.Network/virtualNetworks/dev-10",
            "location": "eastus",
            "name": "dev-10",
            "resource_group_name": "DevRG",
            "subnet": [
              {
                "address_prefix": "10.20.1.0/24",
                "id": "/subscriptions/4ec5f1f7-a399-43dd-a4cc-2f51e3a7a86b/resourceGroups/DevRG/providers/Microsoft.Network/virtualNetworks/dev-10/subnets/DevSubnet",
                "name": "DevSubnet",
                "security_group": ""
              }
            ],
            "tags": {},
            "timeouts": null
          },
          "sensitive_attributes": [],
          "private": "eyJlMmJmYjczMC1lY2FhLTExZTYtOGY4OC0zNDM2M2JjN2M0YzAiOnsiY3JlYXRlIjoxODAwMDAwMDAwMDAwLCJkZWxldGUiOjE4MDAwMDAwMDAwMDAsInJlYWQiOjMwMDAwMDAwMDAwMCwidXBkYXRlIjoxODAwMDAwMDAwMDAwfX0=",
          "dependencies": [
            "module.module_dev.azurerm_resource_group.example"
          ]
        }
      ]
    },
    {
      "module": "module.module_dev",
      "mode": "managed",
      "type": "azurerm_windows_virtual_machine",
      "name": "example",
      "provider": "module.module_dev.provider[\"registry.terraform.io/hashicorp/azurerm\"]",
      "instances": [
        {
          "schema_version": 0,
          "attributes": {
            "additional_capabilities": [],
            "additional_unattend_content": [],
            "admin_password": "Password@1234",
            "admin_username": "adminuser123",
            "allow_extension_operations": true,
            "availability_set_id": "",
            "boot_diagnostics": [],
            "computer_name": "dev-vm",
            "custom_data": null,
            "dedicated_host_group_id": "",
            "dedicated_host_id": "",
            "edge_zone": "",
            "enable_automatic_updates": true,
            "encryption_at_host_enabled": false,
            "eviction_policy": "",
            "extensions_time_budget": "PT1H30M",
            "hotpatching_enabled": false,
            "id": "/subscriptions/4ec5f1f7-a399-43dd-a4cc-2f51e3a7a86b/resourceGroups/DevRG/providers/Microsoft.Compute/virtualMachines/dev-vm",
            "identity": [],
            "license_type": "",
            "location": "eastus",
            "max_bid_price": -1,
            "name": "dev-vm",
            "network_interface_ids": [
              "/subscriptions/4ec5f1f7-a399-43dd-a4cc-2f51e3a7a86b/resourceGroups/DevRG/providers/Microsoft.Network/networkInterfaces/dev-nic"
            ],
            "os_disk": [
              {
                "caching": "ReadWrite",
                "diff_disk_settings": [],
                "disk_encryption_set_id": "",
                "disk_size_gb": 127,
                "name": "dev-vm_OsDisk_1_db3991ae78c348789f7aaaaa1cf84663",
                "storage_account_type": "Standard_LRS",
                "write_accelerator_enabled": false
              }
            ],
            "patch_mode": "AutomaticByOS",
            "plan": [],
            "platform_fault_domain": -1,
            "priority": "Regular",
            "private_ip_address": "10.20.1.4",
            "private_ip_addresses": [
              "10.20.1.4"
            ],
            "provision_vm_agent": true,
            "proximity_placement_group_id": "",
            "public_ip_address": "172.172.145.90",
            "public_ip_addresses": [
              "172.172.145.90"
            ],
            "resource_group_name": "DevRG",
            "secret": [],
            "secure_boot_enabled": false,
            "size": "Standard_B1s",
            "source_image_id": "",
            "source_image_reference": [
              {
                "offer": "WindowsServer",
                "publisher": "MicrosoftWindowsServer",
                "sku": "2019-Datacenter",
                "version": "latest"
              }
            ],
            "tags": null,
            "termination_notification": null,
            "timeouts": null,
            "timezone": "",
            "user_data": "",
            "virtual_machine_id": "8cafbad9-5ccd-477f-a2db-579ac9593a43",
            "virtual_machine_scale_set_id": "",
            "vtpm_enabled": false,
            "winrm_listener": [],
            "zone": ""
          },
          "sensitive_attributes": [],
          "private": "eyJlMmJmYjczMC1lY2FhLTExZTYtOGY4OC0zNDM2M2JjN2M0YzAiOnsiY3JlYXRlIjoyNzAwMDAwMDAwMDAwLCJkZWxldGUiOjI3MDAwMDAwMDAwMDAsInJlYWQiOjMwMDAwMDAwMDAwMCwidXBkYXRlIjoyNzAwMDAwMDAwMDAwfX0=",
          "dependencies": [
            "module.module_dev.azurerm_network_interface.example",
            "module.module_dev.azurerm_resource_group.example"
          ]
        }
      ]
    }
  ],
  "check_results": null
}
